// !$*UTF8*$!
{
	archiveVersion = 1;
	classes = {
	};
	objectVersion = 46;
	objects = {

/* Begin PBXBuildFile section */
		D057B4B017F53B00000AC2AE /* Foundation.framework in Frameworks */ = {isa = PBXBuildFile; fileRef = D057B4AF17F53B00000AC2AE /* Foundation.framework */; };
		D057B4B217F53B00000AC2AE /* CoreGraphics.framework in Frameworks */ = {isa = PBXBuildFile; fileRef = D057B4B117F53B00000AC2AE /* CoreGraphics.framework */; };
		D057B4B417F53B00000AC2AE /* UIKit.framework in Frameworks */ = {isa = PBXBuildFile; fileRef = D057B4B317F53B00000AC2AE /* UIKit.framework */; };
		D057B4BA17F53B00000AC2AE /* InfoPlist.strings in Resources */ = {isa = PBXBuildFile; fileRef = D057B4B817F53B00000AC2AE /* InfoPlist.strings */; };
		D057B4BC17F53B00000AC2AE /* main.m in Sources */ = {isa = PBXBuildFile; fileRef = D057B4BB17F53B00000AC2AE /* main.m */; };
		D057B4C017F53B00000AC2AE /* POSTAppDelegate.m in Sources */ = {isa = PBXBuildFile; fileRef = D057B4BF17F53B00000AC2AE /* POSTAppDelegate.m */; };
		D057B4C217F53B00000AC2AE /* Images.xcassets in Resources */ = {isa = PBXBuildFile; fileRef = D057B4C117F53B00000AC2AE /* Images.xcassets */; };
		D057B4C917F53B00000AC2AE /* XCTest.framework in Frameworks */ = {isa = PBXBuildFile; fileRef = D057B4C817F53B00000AC2AE /* XCTest.framework */; };
		D057B4CA17F53B00000AC2AE /* Foundation.framework in Frameworks */ = {isa = PBXBuildFile; fileRef = D057B4AF17F53B00000AC2AE /* Foundation.framework */; };
		D057B4CB17F53B00000AC2AE /* UIKit.framework in Frameworks */ = {isa = PBXBuildFile; fileRef = D057B4B317F53B00000AC2AE /* UIKit.framework */; };
		D057B4D317F53B00000AC2AE /* InfoPlist.strings in Resources */ = {isa = PBXBuildFile; fileRef = D057B4D117F53B00000AC2AE /* InfoPlist.strings */; };
		D057B4D517F53B00000AC2AE /* _WikufestTests.m in Sources */ = {isa = PBXBuildFile; fileRef = D057B4D417F53B00000AC2AE /* _WikufestTests.m */; };
		D057B4E117F53C01000AC2AE /* header@2x.png in Resources */ = {isa = PBXBuildFile; fileRef = D057B4E017F53C01000AC2AE /* header@2x.png */; };
		D057B4E717F53C4D000AC2AE /* main.m in Sources */ = {isa = PBXBuildFile; fileRef = D057B4E617F53C4D000AC2AE /* main.m */; };
		D057B4F317F56F4B000AC2AE /* MMDrawerBarButtonItem.m in Sources */ = {isa = PBXBuildFile; fileRef = D057B4EB17F56F4B000AC2AE /* MMDrawerBarButtonItem.m */; };
		D057B4F417F56F4B000AC2AE /* MMDrawerController.m in Sources */ = {isa = PBXBuildFile; fileRef = D057B4EE17F56F4B000AC2AE /* MMDrawerController.m */; };
		D057B4F517F56F4B000AC2AE /* MMDrawerVisualState.m in Sources */ = {isa = PBXBuildFile; fileRef = D057B4F017F56F4B000AC2AE /* MMDrawerVisualState.m */; };
		D057B4F617F56F4B000AC2AE /* UIViewController+MMDrawerController.m in Sources */ = {isa = PBXBuildFile; fileRef = D057B4F217F56F4B000AC2AE /* UIViewController+MMDrawerController.m */; };
		D057B4F917F56F62000AC2AE /* left.m in Sources */ = {isa = PBXBuildFile; fileRef = D057B4F817F56F62000AC2AE /* left.m */; };
		D09E279017F5B67800C11C96 /* right.m in Sources */ = {isa = PBXBuildFile; fileRef = D09E278F17F5B67800C11C96 /* right.m */; };
/* End PBXBuildFile section */

/* Begin PBXContainerItemProxy section */
		D057B4CC17F53B00000AC2AE /* PBXContainerItemProxy */ = {
			isa = PBXContainerItemProxy;
			containerPortal = D057B4A417F53B00000AC2AE /* Project object */;
			proxyType = 1;
			remoteGlobalIDString = D057B4AB17F53B00000AC2AE;
			remoteInfo = "#Wikufest";
		};
/* End PBXContainerItemProxy section */

/* Begin PBXFileReference section */
		D057B4AC17F53B00000AC2AE /* #Wikufest.app */ = {isa = PBXFileReference; explicitFileType = wrapper.application; includeInIndex = 0; path = "#Wikufest.app"; sourceTree = BUILT_PRODUCTS_DIR; };
		D057B4AF17F53B00000AC2AE /* Foundation.framework */ = {isa = PBXFileReference; lastKnownFileType = wrapper.framework; name = Foundation.framework; path = System/Library/Frameworks/Foundation.framework; sourceTree = SDKROOT; };
		D057B4B117F53B00000AC2AE /* CoreGraphics.framework */ = {isa = PBXFileReference; lastKnownFileType = wrapper.framework; name = CoreGraphics.framework; path = System/Library/Frameworks/CoreGraphics.framework; sourceTree = SDKROOT; };
		D057B4B317F53B00000AC2AE /* UIKit.framework */ = {isa = PBXFileReference; lastKnownFileType = wrapper.framework; name = UIKit.framework; path = System/Library/Frameworks/UIKit.framework; sourceTree = SDKROOT; };
		D057B4B717F53B00000AC2AE /* #Wikufest-Info.plist */ = {isa = PBXFileReference; lastKnownFileType = text.plist.xml; path = "#Wikufest-Info.plist"; sourceTree = "<group>"; };
		D057B4B917F53B00000AC2AE /* en */ = {isa = PBXFileReference; lastKnownFileType = text.plist.strings; name = en; path = en.lproj/InfoPlist.strings; sourceTree = "<group>"; };
		D057B4BB17F53B00000AC2AE /* main.m */ = {isa = PBXFileReference; lastKnownFileType = sourcecode.c.objc; path = main.m; sourceTree = "<group>"; };
		D057B4BD17F53B00000AC2AE /* #Wikufest-Prefix.pch */ = {isa = PBXFileReference; lastKnownFileType = sourcecode.c.h; path = "#Wikufest-Prefix.pch"; sourceTree = "<group>"; };
		D057B4BE17F53B00000AC2AE /* POSTAppDelegate.h */ = {isa = PBXFileReference; lastKnownFileType = sourcecode.c.h; path = POSTAppDelegate.h; sourceTree = "<group>"; };
		D057B4BF17F53B00000AC2AE /* POSTAppDelegate.m */ = {isa = PBXFileReference; lastKnownFileType = sourcecode.c.objc; path = POSTAppDelegate.m; sourceTree = "<group>"; };
		D057B4C117F53B00000AC2AE /* Images.xcassets */ = {isa = PBXFileReference; lastKnownFileType = folder.assetcatalog; path = Images.xcassets; sourceTree = "<group>"; };
		D057B4C717F53B00000AC2AE /* #WikufestTests.xctest */ = {isa = PBXFileReference; explicitFileType = wrapper.cfbundle; includeInIndex = 0; path = "#WikufestTests.xctest"; sourceTree = BUILT_PRODUCTS_DIR; };
		D057B4C817F53B00000AC2AE /* XCTest.framework */ = {isa = PBXFileReference; lastKnownFileType = wrapper.framework; name = XCTest.framework; path = Library/Frameworks/XCTest.framework; sourceTree = DEVELOPER_DIR; };
		D057B4D017F53B00000AC2AE /* #WikufestTests-Info.plist */ = {isa = PBXFileReference; lastKnownFileType = text.plist.xml; path = "#WikufestTests-Info.plist"; sourceTree = "<group>"; };
		D057B4D217F53B00000AC2AE /* en */ = {isa = PBXFileReference; lastKnownFileType = text.plist.strings; name = en; path = en.lproj/InfoPlist.strings; sourceTree = "<group>"; };
		D057B4D417F53B00000AC2AE /* _WikufestTests.m */ = {isa = PBXFileReference; lastKnownFileType = sourcecode.c.objc; path = _WikufestTests.m; sourceTree = "<group>"; };
		D057B4E017F53C01000AC2AE /* header@2x.png */ = {isa = PBXFileReference; lastKnownFileType = image.png; path = "header@2x.png"; sourceTree = "<group>"; };
		D057B4E517F53C4D000AC2AE /* main.h */ = {isa = PBXFileReference; fileEncoding = 4; lastKnownFileType = sourcecode.c.h; path = main.h; sourceTree = "<group>"; };
		D057B4E617F53C4D000AC2AE /* main.m */ = {isa = PBXFileReference; fileEncoding = 4; lastKnownFileType = sourcecode.c.objc; path = main.m; sourceTree = "<group>"; };
		D057B4EA17F56F4B000AC2AE /* MMDrawerBarButtonItem.h */ = {isa = PBXFileReference; fileEncoding = 4; lastKnownFileType = sourcecode.c.h; path = MMDrawerBarButtonItem.h; sourceTree = "<group>"; };
		D057B4EB17F56F4B000AC2AE /* MMDrawerBarButtonItem.m */ = {isa = PBXFileReference; fileEncoding = 4; lastKnownFileType = sourcecode.c.objc; path = MMDrawerBarButtonItem.m; sourceTree = "<group>"; };
		D057B4EC17F56F4B000AC2AE /* MMDrawerController+Subclass.h */ = {isa = PBXFileReference; fileEncoding = 4; lastKnownFileType = sourcecode.c.h; path = "MMDrawerController+Subclass.h"; sourceTree = "<group>"; };
		D057B4ED17F56F4B000AC2AE /* MMDrawerController.h */ = {isa = PBXFileReference; fileEncoding = 4; lastKnownFileType = sourcecode.c.h; path = MMDrawerController.h; sourceTree = "<group>"; };
		D057B4EE17F56F4B000AC2AE /* MMDrawerController.m */ = {isa = PBXFileReference; fileEncoding = 4; lastKnownFileType = sourcecode.c.objc; path = MMDrawerController.m; sourceTree = "<group>"; };
		D057B4EF17F56F4B000AC2AE /* MMDrawerVisualState.h */ = {isa = PBXFileReference; fileEncoding = 4; lastKnownFileType = sourcecode.c.h; path = MMDrawerVisualState.h; sourceTree = "<group>"; };
		D057B4F017F56F4B000AC2AE /* MMDrawerVisualState.m */ = {isa = PBXFileReference; fileEncoding = 4; lastKnownFileType = sourcecode.c.objc; path = MMDrawerVisualState.m; sourceTree = "<group>"; };
		D057B4F117F56F4B000AC2AE /* UIViewController+MMDrawerController.h */ = {isa = PBXFileReference; fileEncoding = 4; lastKnownFileType = sourcecode.c.h; path = "UIViewController+MMDrawerController.h"; sourceTree = "<group>"; };
		D057B4F217F56F4B000AC2AE /* UIViewController+MMDrawerController.m */ = {isa = PBXFileReference; fileEncoding = 4; lastKnownFileType = sourcecode.c.objc; path = "UIViewController+MMDrawerController.m"; sourceTree = "<group>"; };
		D057B4F717F56F62000AC2AE /* left.h */ = {isa = PBXFileReference; fileEncoding = 4; lastKnownFileType = sourcecode.c.h; path = left.h; sourceTree = "<group>"; };
		D057B4F817F56F62000AC2AE /* left.m */ = {isa = PBXFileReference; fileEncoding = 4; lastKnownFileType = sourcecode.c.objc; path = left.m; sourceTree = "<group>"; };
		D09E278E17F5B67800C11C96 /* right.h */ = {isa = PBXFileReference; fileEncoding = 4; lastKnownFileType = sourcecode.c.h; path = right.h; sourceTree = "<group>"; };
		D09E278F17F5B67800C11C96 /* right.m */ = {isa = PBXFileReference; fileEncoding = 4; lastKnownFileType = sourcecode.c.objc; path = right.m; sourceTree = "<group>"; };
/* End PBXFileReference section */

/* Begin PBXFrameworksBuildPhase section */
		D057B4A917F53B00000AC2AE /* Frameworks */ = {
			isa = PBXFrameworksBuildPhase;
			buildActionMask = 2147483647;
			files = (
				D057B4B217F53B00000AC2AE /* CoreGraphics.framework in Frameworks */,
				D057B4B417F53B00000AC2AE /* UIKit.framework in Frameworks */,
				D057B4B017F53B00000AC2AE /* Foundation.framework in Frameworks */,
			);
			runOnlyForDeploymentPostprocessing = 0;
		};
		D057B4C417F53B00000AC2AE /* Frameworks */ = {
			isa = PBXFrameworksBuildPhase;
			buildActionMask = 2147483647;
			files = (
				D057B4C917F53B00000AC2AE /* XCTest.framework in Frameworks */,
				D057B4CB17F53B00000AC2AE /* UIKit.framework in Frameworks */,
				D057B4CA17F53B00000AC2AE /* Foundation.framework in Frameworks */,
			);
			runOnlyForDeploymentPostprocessing = 0;
		};
/* End PBXFrameworksBuildPhase section */

/* Begin PBXGroup section */
		D057B4A317F53B00000AC2AE = {
			isa = PBXGroup;
			children = (
				D057B4B517F53B00000AC2AE /* #Wikufest */,
				D057B4CE17F53B00000AC2AE /* #WikufestTests */,
				D057B4AE17F53B00000AC2AE /* Frameworks */,
				D057B4AD17F53B00000AC2AE /* Products */,
			);
			sourceTree = "<group>";
		};
		D057B4AD17F53B00000AC2AE /* Products */ = {
			isa = PBXGroup;
			children = (
				D057B4AC17F53B00000AC2AE /* #Wikufest.app */,
				D057B4C717F53B00000AC2AE /* #WikufestTests.xctest */,
			);
			name = Products;
			sourceTree = "<group>";
		};
		D057B4AE17F53B00000AC2AE /* Frameworks */ = {
			isa = PBXGroup;
			children = (
				D057B4AF17F53B00000AC2AE /* Foundation.framework */,
				D057B4B117F53B00000AC2AE /* CoreGraphics.framework */,
				D057B4B317F53B00000AC2AE /* UIKit.framework */,
				D057B4C817F53B00000AC2AE /* XCTest.framework */,
			);
			name = Frameworks;
			sourceTree = "<group>";
		};
		D057B4B517F53B00000AC2AE /* #Wikufest */ = {
			isa = PBXGroup;
			children = (
				D057B4E817F56F44000AC2AE /* library */,
				D057B4E217F53C3F000AC2AE /* view */,
				D057B4DE17F53C01000AC2AE /* assets */,
				D057B4BE17F53B00000AC2AE /* POSTAppDelegate.h */,
				D057B4BF17F53B00000AC2AE /* POSTAppDelegate.m */,
				D057B4C117F53B00000AC2AE /* Images.xcassets */,
				D057B4B617F53B00000AC2AE /* Supporting Files */,
			);
			path = "#Wikufest";
			sourceTree = "<group>";
		};
		D057B4B617F53B00000AC2AE /* Supporting Files */ = {
			isa = PBXGroup;
			children = (
				D057B4B717F53B00000AC2AE /* #Wikufest-Info.plist */,
				D057B4B817F53B00000AC2AE /* InfoPlist.strings */,
				D057B4BB17F53B00000AC2AE /* main.m */,
				D057B4BD17F53B00000AC2AE /* #Wikufest-Prefix.pch */,
			);
			name = "Supporting Files";
			sourceTree = "<group>";
		};
		D057B4CE17F53B00000AC2AE /* #WikufestTests */ = {
			isa = PBXGroup;
			children = (
				D057B4D417F53B00000AC2AE /* _WikufestTests.m */,
				D057B4CF17F53B00000AC2AE /* Supporting Files */,
			);
			path = "#WikufestTests";
			sourceTree = "<group>";
		};
		D057B4CF17F53B00000AC2AE /* Supporting Files */ = {
			isa = PBXGroup;
			children = (
				D057B4D017F53B00000AC2AE /* #WikufestTests-Info.plist */,
				D057B4D117F53B00000AC2AE /* InfoPlist.strings */,
			);
			name = "Supporting Files";
			sourceTree = "<group>";
		};
		D057B4DE17F53C01000AC2AE /* assets */ = {
			isa = PBXGroup;
			children = (
				D057B4DF17F53C01000AC2AE /* image */,
			);
			path = assets;
			sourceTree = "<group>";
		};
		D057B4DF17F53C01000AC2AE /* image */ = {
			isa = PBXGroup;
			children = (
				D057B4E017F53C01000AC2AE /* header@2x.png */,
			);
			path = image;
			sourceTree = "<group>";
		};
		D057B4E217F53C3F000AC2AE /* view */ = {
			isa = PBXGroup;
			children = (
				D09E278B17F5B65B00C11C96 /* right */,
				D057B4E317F53C3F000AC2AE /* center */,
				D057B4E417F53C3F000AC2AE /* left */,
			);
			path = view;
			sourceTree = "<group>";
		};
		D057B4E317F53C3F000AC2AE /* center */ = {
			isa = PBXGroup;
			children = (
				D09E278C17F5B66A00C11C96 /* keynote */,
				D09E278D17F5B66A00C11C96 /* twitter */,
				D057B4E517F53C4D000AC2AE /* main.h */,
				D057B4E617F53C4D000AC2AE /* main.m */,
			);
			path = center;
			sourceTree = "<group>";
		};
		D057B4E417F53C3F000AC2AE /* left */ = {
			isa = PBXGroup;
			children = (
				D057B4F717F56F62000AC2AE /* left.h */,
				D057B4F817F56F62000AC2AE /* left.m */,
			);
			path = left;
			sourceTree = "<group>";
		};
		D057B4E817F56F44000AC2AE /* library */ = {
			isa = PBXGroup;
			children = (
				D057B4E917F56F4B000AC2AE /* MMDrawerController */,
			);
			path = library;
			sourceTree = "<group>";
		};
		D057B4E917F56F4B000AC2AE /* MMDrawerController */ = {
			isa = PBXGroup;
			children = (
				D057B4EA17F56F4B000AC2AE /* MMDrawerBarButtonItem.h */,
				D057B4EB17F56F4B000AC2AE /* MMDrawerBarButtonItem.m */,
				D057B4EC17F56F4B000AC2AE /* MMDrawerController+Subclass.h */,
				D057B4ED17F56F4B000AC2AE /* MMDrawerController.h */,
				D057B4EE17F56F4B000AC2AE /* MMDrawerController.m */,
				D057B4EF17F56F4B000AC2AE /* MMDrawerVisualState.h */,
				D057B4F017F56F4B000AC2AE /* MMDrawerVisualState.m */,
				D057B4F117F56F4B000AC2AE /* UIViewController+MMDrawerController.h */,
				D057B4F217F56F4B000AC2AE /* UIViewController+MMDrawerController.m */,
			);
			path = MMDrawerController;
			sourceTree = "<group>";
		};
		D09E278B17F5B65B00C11C96 /* right */ = {
			isa = PBXGroup;
			children = (
				D09E278E17F5B67800C11C96 /* right.h */,
				D09E278F17F5B67800C11C96 /* right.m */,
			);
			path = right;
			sourceTree = "<group>";
		};
		D09E278C17F5B66A00C11C96 /* keynote */ = {
			isa = PBXGroup;
			children = (
			);
			path = keynote;
			sourceTree = "<group>";
		};
		D09E278D17F5B66A00C11C96 /* twitter */ = {
			isa = PBXGroup;
			children = (
			);
			path = twitter;
			sourceTree = "<group>";
		};
/* End PBXGroup section */

/* Begin PBXNativeTarget section */
		D057B4AB17F53B00000AC2AE /* #Wikufest */ = {
			isa = PBXNativeTarget;
			buildConfigurationList = D057B4D817F53B00000AC2AE /* Build configuration list for PBXNativeTarget "#Wikufest" */;
			buildPhases = (
				D057B4A817F53B00000AC2AE /* Sources */,
				D057B4A917F53B00000AC2AE /* Frameworks */,
				D057B4AA17F53B00000AC2AE /* Resources */,
			);
			buildRules = (
			);
			dependencies = (
			);
			name = "#Wikufest";
			productName = "#Wikufest";
			productReference = D057B4AC17F53B00000AC2AE /* #Wikufest.app */;
			productType = "com.apple.product-type.application";
		};
		D057B4C617F53B00000AC2AE /* #WikufestTests */ = {
			isa = PBXNativeTarget;
			buildConfigurationList = D057B4DB17F53B00000AC2AE /* Build configuration list for PBXNativeTarget "#WikufestTests" */;
			buildPhases = (
				D057B4C317F53B00000AC2AE /* Sources */,
				D057B4C417F53B00000AC2AE /* Frameworks */,
				D057B4C517F53B00000AC2AE /* Resources */,
			);
			buildRules = (
			);
			dependencies = (
				D057B4CD17F53B00000AC2AE /* PBXTargetDependency */,
			);
			name = "#WikufestTests";
			productName = "#WikufestTests";
			productReference = D057B4C717F53B00000AC2AE /* #WikufestTests.xctest */;
			productType = "com.apple.product-type.bundle.unit-test";
		};
/* End PBXNativeTarget section */

/* Begin PBXProject section */
		D057B4A417F53B00000AC2AE /* Project object */ = {
			isa = PBXProject;
			attributes = {
				CLASSPREFIX = POST;
				LastUpgradeCheck = 0500;
				ORGANIZATIONNAME = netra;
				TargetAttributes = {
					D057B4C617F53B00000AC2AE = {
						TestTargetID = D057B4AB17F53B00000AC2AE;
					};
				};
			};
			buildConfigurationList = D057B4A717F53B00000AC2AE /* Build configuration list for PBXProject "#Wikufest" */;
			compatibilityVersion = "Xcode 3.2";
			developmentRegion = English;
			hasScannedForEncodings = 0;
			knownRegions = (
				en,
			);
			mainGroup = D057B4A317F53B00000AC2AE;
			productRefGroup = D057B4AD17F53B00000AC2AE /* Products */;
			projectDirPath = "";
			projectRoot = "";
			targets = (
				D057B4AB17F53B00000AC2AE /* #Wikufest */,
				D057B4C617F53B00000AC2AE /* #WikufestTests */,
			);
		};
/* End PBXProject section */

/* Begin PBXResourcesBuildPhase section */
		D057B4AA17F53B00000AC2AE /* Resources */ = {
			isa = PBXResourcesBuildPhase;
			buildActionMask = 2147483647;
			files = (
				D057B4E117F53C01000AC2AE /* header@2x.png in Resources */,
				D057B4BA17F53B00000AC2AE /* InfoPlist.strings in Resources */,
				D057B4C217F53B00000AC2AE /* Images.xcassets in Resources */,
			);
			runOnlyForDeploymentPostprocessing = 0;
		};
		D057B4C517F53B00000AC2AE /* Resources */ = {
			isa = PBXResourcesBuildPhase;
			buildActionMask = 2147483647;
			files = (
				D057B4D317F53B00000AC2AE /* InfoPlist.strings in Resources */,
			);
			runOnlyForDeploymentPostprocessing = 0;
		};
/* End PBXResourcesBuildPhase section */

/* Begin PBXSourcesBuildPhase section */
		D057B4A817F53B00000AC2AE /* Sources */ = {
			isa = PBXSourcesBuildPhase;
			buildActionMask = 2147483647;
			files = (
				D057B4F517F56F4B000AC2AE /* MMDrawerVisualState.m in Sources */,
				D057B4C017F53B00000AC2AE /* POSTAppDelegate.m in Sources */,
				D057B4F617F56F4B000AC2AE /* UIViewController+MMDrawerController.m in Sources */,
				D09E279017F5B67800C11C96 /* right.m in Sources */,
				D057B4F417F56F4B000AC2AE /* MMDrawerController.m in Sources */,
				D057B4F917F56F62000AC2AE /* left.m in Sources */,
				D057B4F317F56F4B000AC2AE /* MMDrawerBarButtonItem.m in Sources */,
				D057B4E717F53C4D000AC2AE /* main.m in Sources */,
				D057B4BC17F53B00000AC2AE /* main.m in Sources */,
			);
			runOnlyForDeploymentPostprocessing = 0;
		};
		D057B4C317F53B00000AC2AE /* Sources */ = {
			isa = PBXSourcesBuildPhase;
			buildActionMask = 2147483647;
			files = (
				D057B4D517F53B00000AC2AE /* _WikufestTests.m in Sources */,
			);
			runOnlyForDeploymentPostprocessing = 0;
		};
/* End PBXSourcesBuildPhase section */

/* Begin PBXTargetDependency section */
		D057B4CD17F53B00000AC2AE /* PBXTargetDependency */ = {
			isa = PBXTargetDependency;
			target = D057B4AB17F53B00000AC2AE /* #Wikufest */;
			targetProxy = D057B4CC17F53B00000AC2AE /* PBXContainerItemProxy */;
		};
/* End PBXTargetDependency section */

/* Begin PBXVariantGroup section */
		D057B4B817F53B00000AC2AE /* InfoPlist.strings */ = {
			isa = PBXVariantGroup;
			children = (
				D057B4B917F53B00000AC2AE /* en */,
			);
			name = InfoPlist.strings;
			sourceTree = "<group>";
		};
		D057B4D117F53B00000AC2AE /* InfoPlist.strings */ = {
			isa = PBXVariantGroup;
			children = (
				D057B4D217F53B00000AC2AE /* en */,
			);
			name = InfoPlist.strings;
			sourceTree = "<group>";
		};
/* End PBXVariantGroup section */

/* Begin XCBuildConfiguration section */
		D057B4D617F53B00000AC2AE /* Debug */ = {
			isa = XCBuildConfiguration;
			buildSettings = {
				ALWAYS_SEARCH_USER_PATHS = NO;
				ARCHS = "$(ARCHS_STANDARD_INCLUDING_64_BIT)";
				CLANG_CXX_LANGUAGE_STANDARD = "gnu++0x";
				CLANG_CXX_LIBRARY = "libc++";
				CLANG_ENABLE_MODULES = YES;
				CLANG_ENABLE_OBJC_ARC = YES;
				CLANG_WARN_BOOL_CONVERSION = YES;
				CLANG_WARN_CONSTANT_CONVERSION = YES;
				CLANG_WARN_DIRECT_OBJC_ISA_USAGE = YES_ERROR;
				CLANG_WARN_EMPTY_BODY = YES;
				CLANG_WARN_ENUM_CONVERSION = YES;
				CLANG_WARN_INT_CONVERSION = YES;
				CLANG_WARN_OBJC_ROOT_CLASS = YES_ERROR;
				CLANG_WARN__DUPLICATE_METHOD_MATCH = YES;
				"CODE_SIGN_IDENTITY[sdk=iphoneos*]" = "iPhone Developer";
				COPY_PHASE_STRIP = NO;
				GCC_C_LANGUAGE_STANDARD = gnu99;
				GCC_DYNAMIC_NO_PIC = NO;
				GCC_OPTIMIZATION_LEVEL = 0;
				GCC_PREPROCESSOR_DEFINITIONS = (
					"DEBUG=1",
					"$(inherited)",
				);
				GCC_SYMBOLS_PRIVATE_EXTERN = NO;
				GCC_WARN_64_TO_32_BIT_CONVERSION = YES;
				GCC_WARN_ABOUT_RETURN_TYPE = YES_ERROR;
				GCC_WARN_UNDECLARED_SELECTOR = YES;
				GCC_WARN_UNINITIALIZED_AUTOS = YES;
				GCC_WARN_UNUSED_FUNCTION = YES;
				GCC_WARN_UNUSED_VARIABLE = YES;
				IPHONEOS_DEPLOYMENT_TARGET = 7.0;
				ONLY_ACTIVE_ARCH = YES;
				SDKROOT = iphoneos;
				TARGETED_DEVICE_FAMILY = "1,2";
			};
			name = Debug;
		};
		D057B4D717F53B00000AC2AE /* Release */ = {
			isa = XCBuildConfiguration;
			buildSettings = {
				ALWAYS_SEARCH_USER_PATHS = NO;
				ARCHS = "$(ARCHS_STANDARD_INCLUDING_64_BIT)";
				CLANG_CXX_LANGUAGE_STANDARD = "gnu++0x";
				CLANG_CXX_LIBRARY = "libc++";
				CLANG_ENABLE_MODULES = YES;
				CLANG_ENABLE_OBJC_ARC = YES;
				CLANG_WARN_BOOL_CONVERSION = YES;
				CLANG_WARN_CONSTANT_CONVERSION = YES;
				CLANG_WARN_DIRECT_OBJC_ISA_USAGE = YES_ERROR;
				CLANG_WARN_EMPTY_BODY = YES;
				CLANG_WARN_ENUM_CONVERSION = YES;
				CLANG_WARN_INT_CONVERSION = YES;
				CLANG_WARN_OBJC_ROOT_CLASS = YES_ERROR;
				CLANG_WARN__DUPLICATE_METHOD_MATCH = YES;
				"CODE_SIGN_IDENTITY[sdk=iphoneos*]" = "iPhone Developer";
				COPY_PHASE_STRIP = YES;
				ENABLE_NS_ASSERTIONS = NO;
				GCC_C_LANGUAGE_STANDARD = gnu99;
				GCC_WARN_64_TO_32_BIT_CONVERSION = YES;
				GCC_WARN_ABOUT_RETURN_TYPE = YES_ERROR;
				GCC_WARN_UNDECLARED_SELECTOR = YES;
				GCC_WARN_UNINITIALIZED_AUTOS = YES;
				GCC_WARN_UNUSED_FUNCTION = YES;
				GCC_WARN_UNUSED_VARIABLE = YES;
				IPHONEOS_DEPLOYMENT_TARGET = 7.0;
				SDKROOT = iphoneos;
				TARGETED_DEVICE_FAMILY = "1,2";
				VALIDATE_PRODUCT = YES;
			};
			name = Release;
		};
		D057B4D917F53B00000AC2AE /* Debug */ = {
			isa = XCBuildConfiguration;
			buildSettings = {
				ASSETCATALOG_COMPILER_APPICON_NAME = AppIcon;
				ASSETCATALOG_COMPILER_LAUNCHIMAGE_NAME = LaunchImage;
				GCC_PRECOMPILE_PREFIX_HEADER = YES;
				GCC_PREFIX_HEADER = "#Wikufest/#Wikufest-Prefix.pch";
				INFOPLIST_FILE = "#Wikufest/#Wikufest-Info.plist";
				PRODUCT_NAME = "$(TARGET_NAME)";
				TARGETED_DEVICE_FAMILY = 1;
				WRAPPER_EXTENSION = app;
			};
			name = Debug;
		};
		D057B4DA17F53B00000AC2AE /* Release */ = {
			isa = XCBuildConfiguration;
			buildSettings = {
				ASSETCATALOG_COMPILER_APPICON_NAME = AppIcon;
				ASSETCATALOG_COMPILER_LAUNCHIMAGE_NAME = LaunchImage;
				GCC_PRECOMPILE_PREFIX_HEADER = YES;
				GCC_PREFIX_HEADER = "#Wikufest/#Wikufest-Prefix.pch";
				INFOPLIST_FILE = "#Wikufest/#Wikufest-Info.plist";
				PRODUCT_NAME = "$(TARGET_NAME)";
				TARGETED_DEVICE_FAMILY = 1;
				WRAPPER_EXTENSION = app;
			};
			name = Release;
		};
		D057B4DC17F53B00000AC2AE /* Debug */ = {
			isa = XCBuildConfiguration;
			buildSettings = {
				ARCHS = "$(ARCHS_STANDARD_INCLUDING_64_BIT)";
				BUNDLE_LOADER = "$(BUILT_PRODUCTS_DIR)/#Wikufest.app/#Wikufest";
				FRAMEWORK_SEARCH_PATHS = (
					"$(SDKROOT)/Developer/Library/Frameworks",
					"$(inherited)",
					"$(DEVELOPER_FRAMEWORKS_DIR)",
				);
				GCC_PRECOMPILE_PREFIX_HEADER = YES;
				GCC_PREFIX_HEADER = "#Wikufest/#Wikufest-Prefix.pch";
				GCC_PREPROCESSOR_DEFINITIONS = (
					"DEBUG=1",
					"$(inherited)",
				);
				INFOPLIST_FILE = "#WikufestTests/#WikufestTests-Info.plist";
				PRODUCT_NAME = "$(TARGET_NAME)";
				TEST_HOST = "$(BUNDLE_LOADER)";
				WRAPPER_EXTENSION = xctest;
			};
			name = Debug;
		};
		D057B4DD17F53B00000AC2AE /* Release */ = {
			isa = XCBuildConfiguration;
			buildSettings = {
				ARCHS = "$(ARCHS_STANDARD_INCLUDING_64_BIT)";
				BUNDLE_LOADER = "$(BUILT_PRODUCTS_DIR)/#Wikufest.app/#Wikufest";
				FRAMEWORK_SEARCH_PATHS = (
					"$(SDKROOT)/Developer/Library/Frameworks",
					"$(inherited)",
					"$(DEVELOPER_FRAMEWORKS_DIR)",
				);
				GCC_PRECOMPILE_PREFIX_HEADER = YES;
				GCC_PREFIX_HEADER = "#Wikufest/#Wikufest-Prefix.pch";
				INFOPLIST_FILE = "#WikufestTests/#WikufestTests-Info.plist";
				PRODUCT_NAME = "$(TARGET_NAME)";
				TEST_HOST = "$(BUNDLE_LOADER)";
				WRAPPER_EXTENSION = xctest;
			};
			name = Release;
		};
/* End XCBuildConfiguration section */

/* Begin XCConfigurationList section */
		D057B4A717F53B00000AC2AE /* Build configuration list for PBXProject "#Wikufest" */ = {
			isa = XCConfigurationList;
			buildConfigurations = (
				D057B4D617F53B00000AC2AE /* Debug */,
				D057B4D717F53B00000AC2AE /* Release */,
			);
			defaultConfigurationIsVisible = 0;
			defaultConfigurationName = Release;
		};
		D057B4D817F53B00000AC2AE /* Build configuration list for PBXNativeTarget "#Wikufest" */ = {
			isa = XCConfigurationList;
			buildConfigurations = (
				D057B4D917F53B00000AC2AE /* Debug */,
				D057B4DA17F53B00000AC2AE /* Release */,
			);
			defaultConfigurationIsVisible = 0;
			defaultConfigurationName = Release;
		};
		D057B4DB17F53B00000AC2AE /* Build configuration list for PBXNativeTarget "#WikufestTests" */ = {
			isa = XCConfigurationList;
			buildConfigurations = (
				D057B4DC17F53B00000AC2AE /* Debug */,
				D057B4DD17F53B00000AC2AE /* Release */,
			);
			defaultConfigurationIsVisible = 0;
			defaultConfigurationName = Release;
		};
/* End XCConfigurationList section */
	};
	rootObject = D057B4A417F53B00000AC2AE /* Project object */;
}
